# This file is automatically @generated by Cargo.
# It is not intended for manual editing.
version = 4

[[package]]
name = "kf-core"
version = "0.4.1"

[[package]]
name = "kf-frame"
version = "0.4.1"

[[package]]
name = "kf-range"
version = "0.4.1"
dependencies = [
 "kf-spec",
]

[[package]]
name = "kf-spec"
version = "0.4.1"

[[package]]
name = "kf-transform"
version = "0.4.1"
dependencies = [
 "kf-core",
 "kf-spec",
]
